NeoBundleLock neobundle.vim 2f94664b624bc29a40fae51d38b5e922a55b85db
NeoBundleLock twilight 61d8d3e49507ae69d32951d63edf9755c87f4da6
NeoBundleLock vim-quickrun 9fff9e5f12fcea45637821e30e6dbee05e748854
NeoBundleLock vim-railscasts-theme b09adffc4f23dab82e9005c6f12635210485da8a
NeoBundleLock vim-slim 0daaa8581f9a9968cebbc7d14ae9acf1625c0389
NeoBundleLock vim-tomorrow-theme f45a2ca260d825b6aee72621f8f6158d815ac472
